
Microsoft Visual Studio Solution File, Format Version 12.00
# Visual Studio Version 17
VisualStudioVersion = 17.5.33424.131
MinimumVisualStudioVersion = 10.0.40219.1
Project("{FAE04EC0-301F-11D3-BF4B-00C04F79EFBC}") = "aula01", "aula01\aula01.csproj", "{34971E2A-EAEB-44CA-A9CE-760EF1D67666}"
EndProject
Global
	GlobalSection(SolutionConfigurationPlatforms) = preSolution
		Debug|Any CPU = Debug|Any CPU
		Release|Any CPU = Release|Any CPU
	EndGlobalSection
	GlobalSection(ProjectConfigurationPlatforms) = postSolution
		{34971E2A-EAEB-44CA-A9CE-760EF1D67666}.Debug|Any CPU.ActiveCfg = Debug|Any CPU
		{34971E2A-EAEB-44CA-A9CE-760EF1D67666}.Debug|Any CPU.Build.0 = Debug|Any CPU
		{34971E2A-EAEB-44CA-A9CE-760EF1D67666}.Release|Any CPU.ActiveCfg = Release|Any CPU
		{34971E2A-EAEB-44CA-A9CE-760EF1D67666}.Release|Any CPU.Build.0 = Release|Any CPU
	EndGlobalSection
	GlobalSection(SolutionProperties) = preSolution
		HideSolutionNode = FALSE
	EndGlobalSection
	GlobalSection(ExtensibilityGlobals) = postSolution
		SolutionGuid = {BD3869E5-3590-4613-8FA6-E0CDA4C118D3}
	EndGlobalSection
EndGlobal
