
Microsoft Visual Studio Solution File, Format Version 12.00
# Visual Studio Version 17
VisualStudioVersion = 17.7.34009.444
MinimumVisualStudioVersion = 10.0.40219.1
Project("{FAE04EC0-301F-11D3-BF4B-00C04F79EFBC}") = "projeto-registradora", "projeto-registradora\projeto-registradora.csproj", "{0938240A-7940-4FC8-B14A-08830B3F61DE}"
EndProject
Global
	GlobalSection(SolutionConfigurationPlatforms) = preSolution
		Debug|Any CPU = Debug|Any CPU
		Release|Any CPU = Release|Any CPU
	EndGlobalSection
	GlobalSection(ProjectConfigurationPlatforms) = postSolution
		{0938240A-7940-4FC8-B14A-08830B3F61DE}.Debug|Any CPU.ActiveCfg = Debug|Any CPU
		{0938240A-7940-4FC8-B14A-08830B3F61DE}.Debug|Any CPU.Build.0 = Debug|Any CPU
		{0938240A-7940-4FC8-B14A-08830B3F61DE}.Release|Any CPU.ActiveCfg = Release|Any CPU
		{0938240A-7940-4FC8-B14A-08830B3F61DE}.Release|Any CPU.Build.0 = Release|Any CPU
	EndGlobalSection
	GlobalSection(SolutionProperties) = preSolution
		HideSolutionNode = FALSE
	EndGlobalSection
	GlobalSection(ExtensibilityGlobals) = postSolution
		SolutionGuid = {F3FF0945-C591-49EB-BB10-E4DCE226126C}
	EndGlobalSection
EndGlobal
