
Microsoft Visual Studio Solution File, Format Version 12.00
# Visual Studio Version 17
VisualStudioVersion = 17.7.34009.444
MinimumVisualStudioVersion = 10.0.40219.1
Project("{FAE04EC0-301F-11D3-BF4B-00C04F79EFBC}") = "Ola_Mundo", "Ola_Mundo\Ola_Mundo.csproj", "{7DC4DF4B-1E56-430C-86B4-621D3A8CCACA}"
EndProject
Global
	GlobalSection(SolutionConfigurationPlatforms) = preSolution
		Debug|Any CPU = Debug|Any CPU
		Release|Any CPU = Release|Any CPU
	EndGlobalSection
	GlobalSection(ProjectConfigurationPlatforms) = postSolution
		{7DC4DF4B-1E56-430C-86B4-621D3A8CCACA}.Debug|Any CPU.ActiveCfg = Debug|Any CPU
		{7DC4DF4B-1E56-430C-86B4-621D3A8CCACA}.Debug|Any CPU.Build.0 = Debug|Any CPU
		{7DC4DF4B-1E56-430C-86B4-621D3A8CCACA}.Release|Any CPU.ActiveCfg = Release|Any CPU
		{7DC4DF4B-1E56-430C-86B4-621D3A8CCACA}.Release|Any CPU.Build.0 = Release|Any CPU
	EndGlobalSection
	GlobalSection(SolutionProperties) = preSolution
		HideSolutionNode = FALSE
	EndGlobalSection
	GlobalSection(ExtensibilityGlobals) = postSolution
		SolutionGuid = {C3A52A40-AB20-4EE0-9F24-3DA09FAC4F60}
	EndGlobalSection
EndGlobal
